
Microsoft Visual Studio Solution File, Format Version 12.00
# Visual Studio Version 17
VisualStudioVersion = 17.11.35312.102
MinimumVisualStudioVersion = 10.0.40219.1
Project("{FAE04EC0-301F-11D3-BF4B-00C04F79EFBC}") = "Pig-Dice-Game", "Pig-Dice-Game\Pig-Dice-Game.csproj", "{3ED45E28-E957-482D-B4D9-E3D96E974384}"
EndProject
Global
	GlobalSection(SolutionConfigurationPlatforms) = preSolution
		Debug|Any CPU = Debug|Any CPU
		Release|Any CPU = Release|Any CPU
	EndGlobalSection
	GlobalSection(ProjectConfigurationPlatforms) = postSolution
		{3ED45E28-E957-482D-B4D9-E3D96E974384}.Debug|Any CPU.ActiveCfg = Debug|Any CPU
		{3ED45E28-E957-482D-B4D9-E3D96E974384}.Debug|Any CPU.Build.0 = Debug|Any CPU
		{3ED45E28-E957-482D-B4D9-E3D96E974384}.Release|Any CPU.ActiveCfg = Release|Any CPU
		{3ED45E28-E957-482D-B4D9-E3D96E974384}.Release|Any CPU.Build.0 = Release|Any CPU
	EndGlobalSection
	GlobalSection(SolutionProperties) = preSolution
		HideSolutionNode = FALSE
	EndGlobalSection
	GlobalSection(ExtensibilityGlobals) = postSolution
		SolutionGuid = {0203FD53-30BB-4A36-8624-6A0B30C79B01}
	EndGlobalSection
EndGlobal
